{
  "name": "backend",
  "lockfileVersion": 3,
  "requires": true,
  "packages": {
    "": {
      "dependencies": {
        "google-oauth": "^0.0.2",
        "pydantic": "^0.0.1-security"
      }
    },
    "node_modules/google-oauth": {
      "version": "0.0.2",
      "resolved": "https://registry.npmjs.org/google-oauth/-/google-oauth-0.0.2.tgz",
      "integrity": "sha512-Cwzk4fkbiDNjk/2lz70I5nMoN7PodChO3f0MBf6UxoFYfakaBCEzzNx9NjgbrUChwpIKP7hmQLIg0fD5FdqtSw==",
      "dependencies": {
        "hat": "0.0.3",
        "memory-cache": "0.0.2",
        "oauth": "0.9.7"
      }
    },
    "node_modules/hat": {
      "version": "0.0.3",
      "resolved": "https://registry.npmjs.org/hat/-/hat-0.0.3.tgz",
      "integrity": "sha512-zpImx2GoKXy42fVDSEad2BPKuSQdLcqsCYa48K3zHSzM/ugWuYjLDr8IXxpVuL7uCLHw56eaiLxCRthhOzf5ug==",
      "license": "MIT/X11",
      "engines": {
        "node": "*"
      }
    },
    "node_modules/memory-cache": {
      "version": "0.0.2",
      "resolved": "https://registry.npmjs.org/memory-cache/-/memory-cache-0.0.2.tgz",
      "integrity": "sha512-eLvxzG0gL6SnQGsnRqLkLhWY+m1PP7xl6AuK6qACRfu0xlJdTE3EAEGWcIbd36c5KtLIYzGOtcgTK3FxHCVhRQ==",
      "engines": {
        "node": "*"
      }
    },
    "node_modules/oauth": {
      "version": "0.9.7",
      "resolved": "https://registry.npmjs.org/oauth/-/oauth-0.9.7.tgz",
      "integrity": "sha512-W/+Eez3kig5Oj8mx/RQQ59sp0vVCYEdMWA61zI1BwHSS1AYECvhYd9Y4SoS1Paqi9jPFHzkmSbHds2T/PDRCiA==",
      "engines": {
        "node": "*"
      }
    },
    "node_modules/pydantic": {
      "version": "0.0.1-security",
      "resolved": "https://registry.npmjs.org/pydantic/-/pydantic-0.0.1-security.tgz",
      "integrity": "sha512-C8zhm/jGh1+r19qiElDmRyFmbGyY6JcFj9bNGoKoUbmAmMXCmN5Hmq3iBw/4MwkFETDkUpPZxGHF1lpFB+izTg=="
    }
  }
}
